// !$*UTF8*$!
{
	archiveVersion = 1;
	classes = {
	};
	objectVersion = 56;
	objects = {

/* Begin PBXBuildFile section */
		C8BE19DB2B9203230005DC3D /* AppDelegate.swift in Sources */ = {isa = PBXBuildFile; fileRef = C8BE19DA2B9203230005DC3D /* AppDelegate.swift */; };
		C8BE19DD2B9203230005DC3D /* SceneDelegate.swift in Sources */ = {isa = PBXBuildFile; fileRef = C8BE19DC2B9203230005DC3D /* SceneDelegate.swift */; };
		C8BE19DF2B9203230005DC3D /* ViewController.swift in Sources */ = {isa = PBXBuildFile; fileRef = C8BE19DE2B9203230005DC3D /* ViewController.swift */; };
		C8BE19E22B9203230005DC3D /* Main.storyboard in Resources */ = {isa = PBXBuildFile; fileRef = C8BE19E02B9203230005DC3D /* Main.storyboard */; };
		C8BE19E42B9203260005DC3D /* Assets.xcassets in Resources */ = {isa = PBXBuildFile; fileRef = C8BE19E32B9203260005DC3D /* Assets.xcassets */; };
		C8BE19E72B9203260005DC3D /* LaunchScreen.storyboard in Resources */ = {isa = PBXBuildFile; fileRef = C8BE19E52B9203260005DC3D /* LaunchScreen.storyboard */; };
		C8BE19F22B9203260005DC3D /* HomeWork4Part1Tests.swift in Sources */ = {isa = PBXBuildFile; fileRef = C8BE19F12B9203260005DC3D /* HomeWork4Part1Tests.swift */; };
		C8BE19FC2B9203260005DC3D /* HomeWork4Part1UITests.swift in Sources */ = {isa = PBXBuildFile; fileRef = C8BE19FB2B9203260005DC3D /* HomeWork4Part1UITests.swift */; };
		C8BE19FE2B9203260005DC3D /* HomeWork4Part1UITestsLaunchTests.swift in Sources */ = {isa = PBXBuildFile; fileRef = C8BE19FD2B9203260005DC3D /* HomeWork4Part1UITestsLaunchTests.swift */; };
/* End PBXBuildFile section */

/* Begin PBXContainerItemProxy section */
		C8BE19EE2B9203260005DC3D /* PBXContainerItemProxy */ = {
			isa = PBXContainerItemProxy;
			containerPortal = C8BE19CF2B9203230005DC3D /* Project object */;
			proxyType = 1;
			remoteGlobalIDString = C8BE19D62B9203230005DC3D;
			remoteInfo = HomeWork4Part1;
		};
		C8BE19F82B9203260005DC3D /* PBXContainerItemProxy */ = {
			isa = PBXContainerItemProxy;
			containerPortal = C8BE19CF2B9203230005DC3D /* Project object */;
			proxyType = 1;
			remoteGlobalIDString = C8BE19D62B9203230005DC3D;
			remoteInfo = HomeWork4Part1;
		};
/* End PBXContainerItemProxy section */

/* Begin PBXFileReference section */
		C8BE19D72B9203230005DC3D /* HomeWork4Part1.app */ = {isa = PBXFileReference; explicitFileType = wrapper.application; includeInIndex = 0; path = HomeWork4Part1.app; sourceTree = BUILT_PRODUCTS_DIR; };
		C8BE19DA2B9203230005DC3D /* AppDelegate.swift */ = {isa = PBXFileReference; lastKnownFileType = sourcecode.swift; path = AppDelegate.swift; sourceTree = "<group>"; };
		C8BE19DC2B9203230005DC3D /* SceneDelegate.swift */ = {isa = PBXFileReference; lastKnownFileType = sourcecode.swift; path = SceneDelegate.swift; sourceTree = "<group>"; };
		C8BE19DE2B9203230005DC3D /* ViewController.swift */ = {isa = PBXFileReference; lastKnownFileType = sourcecode.swift; path = ViewController.swift; sourceTree = "<group>"; };
		C8BE19E12B9203230005DC3D /* Base */ = {isa = PBXFileReference; lastKnownFileType = file.storyboard; name = Base; path = Base.lproj/Main.storyboard; sourceTree = "<group>"; };
		C8BE19E32B9203260005DC3D /* Assets.xcassets */ = {isa = PBXFileReference; lastKnownFileType = folder.assetcatalog; path = Assets.xcassets; sourceTree = "<group>"; };
		C8BE19E62B9203260005DC3D /* Base */ = {isa = PBXFileReference; lastKnownFileType = file.storyboard; name = Base; path = Base.lproj/LaunchScreen.storyboard; sourceTree = "<group>"; };
		C8BE19E82B9203260005DC3D /* Info.plist */ = {isa = PBXFileReference; lastKnownFileType = text.plist.xml; path = Info.plist; sourceTree = "<group>"; };
		C8BE19ED2B9203260005DC3D /* HomeWork4Part1Tests.xctest */ = {isa = PBXFileReference; explicitFileType = wrapper.cfbundle; includeInIndex = 0; path = HomeWork4Part1Tests.xctest; sourceTree = BUILT_PRODUCTS_DIR; };
		C8BE19F12B9203260005DC3D /* HomeWork4Part1Tests.swift */ = {isa = PBXFileReference; lastKnownFileType = sourcecode.swift; path = HomeWork4Part1Tests.swift; sourceTree = "<group>"; };
		C8BE19F72B9203260005DC3D /* HomeWork4Part1UITests.xctest */ = {isa = PBXFileReference; explicitFileType = wrapper.cfbundle; includeInIndex = 0; path = HomeWork4Part1UITests.xctest; sourceTree = BUILT_PRODUCTS_DIR; };
		C8BE19FB2B9203260005DC3D /* HomeWork4Part1UITests.swift */ = {isa = PBXFileReference; lastKnownFileType = sourcecode.swift; path = HomeWork4Part1UITests.swift; sourceTree = "<group>"; };
		C8BE19FD2B9203260005DC3D /* HomeWork4Part1UITestsLaunchTests.swift */ = {isa = PBXFileReference; lastKnownFileType = sourcecode.swift; path = HomeWork4Part1UITestsLaunchTests.swift; sourceTree = "<group>"; };
/* End PBXFileReference section */

/* Begin PBXFrameworksBuildPhase section */
		C8BE19D42B9203230005DC3D /* Frameworks */ = {
			isa = PBXFrameworksBuildPhase;
			buildActionMask = 2147483647;
			files = (
			);
			runOnlyForDeploymentPostprocessing = 0;
		};
		C8BE19EA2B9203260005DC3D /* Frameworks */ = {
			isa = PBXFrameworksBuildPhase;
			buildActionMask = 2147483647;
			files = (
			);
			runOnlyForDeploymentPostprocessing = 0;
		};
		C8BE19F42B9203260005DC3D /* Frameworks */ = {
			isa = PBXFrameworksBuildPhase;
			buildActionMask = 2147483647;
			files = (
			);
			runOnlyForDeploymentPostprocessing = 0;
		};
/* End PBXFrameworksBuildPhase section */

/* Begin PBXGroup section */
		C8BE19CE2B9203230005DC3D = {
			isa = PBXGroup;
			children = (
				C8BE19D92B9203230005DC3D /* HomeWork4Part1 */,
				C8BE19F02B9203260005DC3D /* HomeWork4Part1Tests */,
				C8BE19FA2B9203260005DC3D /* HomeWork4Part1UITests */,
				C8BE19D82B9203230005DC3D /* Products */,
			);
			sourceTree = "<group>";
		};
		C8BE19D82B9203230005DC3D /* Products */ = {
			isa = PBXGroup;
			children = (
				C8BE19D72B9203230005DC3D /* HomeWork4Part1.app */,
				C8BE19ED2B9203260005DC3D /* HomeWork4Part1Tests.xctest */,
				C8BE19F72B9203260005DC3D /* HomeWork4Part1UITests.xctest */,
			);
			name = Products;
			sourceTree = "<group>";
		};
		C8BE19D92B9203230005DC3D /* HomeWork4Part1 */ = {
			isa = PBXGroup;
			children = (
				C8BE19DA2B9203230005DC3D /* AppDelegate.swift */,
				C8BE19DC2B9203230005DC3D /* SceneDelegate.swift */,
				C8BE19DE2B9203230005DC3D /* ViewController.swift */,
				C8BE19E02B9203230005DC3D /* Main.storyboard */,
				C8BE19E32B9203260005DC3D /* Assets.xcassets */,
				C8BE19E52B9203260005DC3D /* LaunchScreen.storyboard */,
				C8BE19E82B9203260005DC3D /* Info.plist */,
			);
			path = HomeWork4Part1;
			sourceTree = "<group>";
		};
		C8BE19F02B9203260005DC3D /* HomeWork4Part1Tests */ = {
			isa = PBXGroup;
			children = (
				C8BE19F12B9203260005DC3D /* HomeWork4Part1Tests.swift */,
			);
			path = HomeWork4Part1Tests;
			sourceTree = "<group>";
		};
		C8BE19FA2B9203260005DC3D /* HomeWork4Part1UITests */ = {
			isa = PBXGroup;
			children = (
				C8BE19FB2B9203260005DC3D /* HomeWork4Part1UITests.swift */,
				C8BE19FD2B9203260005DC3D /* HomeWork4Part1UITestsLaunchTests.swift */,
			);
			path = HomeWork4Part1UITests;
			sourceTree = "<group>";
		};
/* End PBXGroup section */

/* Begin PBXNativeTarget section */
		C8BE19D62B9203230005DC3D /* HomeWork4Part1 */ = {
			isa = PBXNativeTarget;
			buildConfigurationList = C8BE1A012B9203260005DC3D /* Build configuration list for PBXNativeTarget "HomeWork4Part1" */;
			buildPhases = (
				C8BE19D32B9203230005DC3D /* Sources */,
				C8BE19D42B9203230005DC3D /* Frameworks */,
				C8BE19D52B9203230005DC3D /* Resources */,
			);
			buildRules = (
			);
			dependencies = (
			);
			name = HomeWork4Part1;
			productName = HomeWork4Part1;
			productReference = C8BE19D72B9203230005DC3D /* HomeWork4Part1.app */;
			productType = "com.apple.product-type.application";
		};
		C8BE19EC2B9203260005DC3D /* HomeWork4Part1Tests */ = {
			isa = PBXNativeTarget;
			buildConfigurationList = C8BE1A042B9203260005DC3D /* Build configuration list for PBXNativeTarget "HomeWork4Part1Tests" */;
			buildPhases = (
				C8BE19E92B9203260005DC3D /* Sources */,
				C8BE19EA2B9203260005DC3D /* Frameworks */,
				C8BE19EB2B9203260005DC3D /* Resources */,
			);
			buildRules = (
			);
			dependencies = (
				C8BE19EF2B9203260005DC3D /* PBXTargetDependency */,
			);
			name = HomeWork4Part1Tests;
			productName = HomeWork4Part1Tests;
			productReference = C8BE19ED2B9203260005DC3D /* HomeWork4Part1Tests.xctest */;
			productType = "com.apple.product-type.bundle.unit-test";
		};
		C8BE19F62B9203260005DC3D /* HomeWork4Part1UITests */ = {
			isa = PBXNativeTarget;
			buildConfigurationList = C8BE1A072B9203260005DC3D /* Build configuration list for PBXNativeTarget "HomeWork4Part1UITests" */;
			buildPhases = (
				C8BE19F32B9203260005DC3D /* Sources */,
				C8BE19F42B9203260005DC3D /* Frameworks */,
				C8BE19F52B9203260005DC3D /* Resources */,
			);
			buildRules = (
			);
			dependencies = (
				C8BE19F92B9203260005DC3D /* PBXTargetDependency */,
			);
			name = HomeWork4Part1UITests;
			productName = HomeWork4Part1UITests;
			productReference = C8BE19F72B9203260005DC3D /* HomeWork4Part1UITests.xctest */;
			productType = "com.apple.product-type.bundle.ui-testing";
		};
/* End PBXNativeTarget section */

/* Begin PBXProject section */
		C8BE19CF2B9203230005DC3D /* Project object */ = {
			isa = PBXProject;
			attributes = {
				BuildIndependentTargetsInParallel = 1;
				LastSwiftUpdateCheck = 1520;
				LastUpgradeCheck = 1520;
				TargetAttributes = {
					C8BE19D62B9203230005DC3D = {
						CreatedOnToolsVersion = 15.2;
					};
					C8BE19EC2B9203260005DC3D = {
						CreatedOnToolsVersion = 15.2;
						TestTargetID = C8BE19D62B9203230005DC3D;
					};
					C8BE19F62B9203260005DC3D = {
						CreatedOnToolsVersion = 15.2;
						TestTargetID = C8BE19D62B9203230005DC3D;
					};
				};
			};
			buildConfigurationList = C8BE19D22B9203230005DC3D /* Build configuration list for PBXProject "HomeWork4Part1" */;
			compatibilityVersion = "Xcode 14.0";
			developmentRegion = en;
			hasScannedForEncodings = 0;
			knownRegions = (
				en,
				Base,
			);
			mainGroup = C8BE19CE2B9203230005DC3D;
			productRefGroup = C8BE19D82B9203230005DC3D /* Products */;
			projectDirPath = "";
			projectRoot = "";
			targets = (
				C8BE19D62B9203230005DC3D /* HomeWork4Part1 */,
				C8BE19EC2B9203260005DC3D /* HomeWork4Part1Tests */,
				C8BE19F62B9203260005DC3D /* HomeWork4Part1UITests */,
			);
		};
/* End PBXProject section */

/* Begin PBXResourcesBuildPhase section */
		C8BE19D52B9203230005DC3D /* Resources */ = {
			isa = PBXResourcesBuildPhase;
			buildActionMask = 2147483647;
			files = (
				C8BE19E72B9203260005DC3D /* LaunchScreen.storyboard in Resources */,
				C8BE19E42B9203260005DC3D /* Assets.xcassets in Resources */,
				C8BE19E22B9203230005DC3D /* Main.storyboard in Resources */,
			);
			runOnlyForDeploymentPostprocessing = 0;
		};
		C8BE19EB2B9203260005DC3D /* Resources */ = {
			isa = PBXResourcesBuildPhase;
			buildActionMask = 2147483647;
			files = (
			);
			runOnlyForDeploymentPostprocessing = 0;
		};
		C8BE19F52B9203260005DC3D /* Resources */ = {
			isa = PBXResourcesBuildPhase;
			buildActionMask = 2147483647;
			files = (
			);
			runOnlyForDeploymentPostprocessing = 0;
		};
/* End PBXResourcesBuildPhase section */

/* Begin PBXSourcesBuildPhase section */
		C8BE19D32B9203230005DC3D /* Sources */ = {
			isa = PBXSourcesBuildPhase;
			buildActionMask = 2147483647;
			files = (
				C8BE19DF2B9203230005DC3D /* ViewController.swift in Sources */,
				C8BE19DB2B9203230005DC3D /* AppDelegate.swift in Sources */,
				C8BE19DD2B9203230005DC3D /* SceneDelegate.swift in Sources */,
			);
			runOnlyForDeploymentPostprocessing = 0;
		};
		C8BE19E92B9203260005DC3D /* Sources */ = {
			isa = PBXSourcesBuildPhase;
			buildActionMask = 2147483647;
			files = (
				C8BE19F22B9203260005DC3D /* HomeWork4Part1Tests.swift in Sources */,
			);
			runOnlyForDeploymentPostprocessing = 0;
		};
		C8BE19F32B9203260005DC3D /* Sources */ = {
			isa = PBXSourcesBuildPhase;
			buildActionMask = 2147483647;
			files = (
				C8BE19FE2B9203260005DC3D /* HomeWork4Part1UITestsLaunchTests.swift in Sources */,
				C8BE19FC2B9203260005DC3D /* HomeWork4Part1UITests.swift in Sources */,
			);
			runOnlyForDeploymentPostprocessing = 0;
		};
/* End PBXSourcesBuildPhase section */

/* Begin PBXTargetDependency section */
		C8BE19EF2B9203260005DC3D /* PBXTargetDependency */ = {
			isa = PBXTargetDependency;
			target = C8BE19D62B9203230005DC3D /* HomeWork4Part1 */;
			targetProxy = C8BE19EE2B9203260005DC3D /* PBXContainerItemProxy */;
		};
		C8BE19F92B9203260005DC3D /* PBXTargetDependency */ = {
			isa = PBXTargetDependency;
			target = C8BE19D62B9203230005DC3D /* HomeWork4Part1 */;
			targetProxy = C8BE19F82B9203260005DC3D /* PBXContainerItemProxy */;
		};
/* End PBXTargetDependency section */

/* Begin PBXVariantGroup section */
		C8BE19E02B9203230005DC3D /* Main.storyboard */ = {
			isa = PBXVariantGroup;
			children = (
				C8BE19E12B9203230005DC3D /* Base */,
			);
			name = Main.storyboard;
			sourceTree = "<group>";
		};
		C8BE19E52B9203260005DC3D /* LaunchScreen.storyboard */ = {
			isa = PBXVariantGroup;
			children = (
				C8BE19E62B9203260005DC3D /* Base */,
			);
			name = LaunchScreen.storyboard;
			sourceTree = "<group>";
		};
/* End PBXVariantGroup section */

/* Begin XCBuildConfiguration section */
		C8BE19FF2B9203260005DC3D /* Debug */ = {
			isa = XCBuildConfiguration;
			buildSettings = {
				ALWAYS_SEARCH_USER_PATHS = NO;
				ASSETCATALOG_COMPILER_GENERATE_SWIFT_ASSET_SYMBOL_EXTENSIONS = YES;
				CLANG_ANALYZER_NONNULL = YES;
				CLANG_ANALYZER_NUMBER_OBJECT_CONVERSION = YES_AGGRESSIVE;
				CLANG_CXX_LANGUAGE_STANDARD = "gnu++20";
				CLANG_ENABLE_MODULES = YES;
				CLANG_ENABLE_OBJC_ARC = YES;
				CLANG_ENABLE_OBJC_WEAK = YES;
				CLANG_WARN_BLOCK_CAPTURE_AUTORELEASING = YES;
				CLANG_WARN_BOOL_CONVERSION = YES;
				CLANG_WARN_COMMA = YES;
				CLANG_WARN_CONSTANT_CONVERSION = YES;
				CLANG_WARN_DEPRECATED_OBJC_IMPLEMENTATIONS = YES;
				CLANG_WARN_DIRECT_OBJC_ISA_USAGE = YES_ERROR;
				CLANG_WARN_DOCUMENTATION_COMMENTS = YES;
				CLANG_WARN_EMPTY_BODY = YES;
				CLANG_WARN_ENUM_CONVERSION = YES;
				CLANG_WARN_INFINITE_RECURSION = YES;
				CLANG_WARN_INT_CONVERSION = YES;
				CLANG_WARN_NON_LITERAL_NULL_CONVERSION = YES;
				CLANG_WARN_OBJC_IMPLICIT_RETAIN_SELF = YES;
				CLANG_WARN_OBJC_LITERAL_CONVERSION = YES;
				CLANG_WARN_OBJC_ROOT_CLASS = YES_ERROR;
				CLANG_WARN_QUOTED_INCLUDE_IN_FRAMEWORK_HEADER = YES;
				CLANG_WARN_RANGE_LOOP_ANALYSIS = YES;
				CLANG_WARN_STRICT_PROTOTYPES = YES;
				CLANG_WARN_SUSPICIOUS_MOVE = YES;
				CLANG_WARN_UNGUARDED_AVAILABILITY = YES_AGGRESSIVE;
				CLANG_WARN_UNREACHABLE_CODE = YES;
				CLANG_WARN__DUPLICATE_METHOD_MATCH = YES;
				COPY_PHASE_STRIP = NO;
				DEBUG_INFORMATION_FORMAT = dwarf;
				ENABLE_STRICT_OBJC_MSGSEND = YES;
				ENABLE_TESTABILITY = YES;
				ENABLE_USER_SCRIPT_SANDBOXING = YES;
				GCC_C_LANGUAGE_STANDARD = gnu17;
				GCC_DYNAMIC_NO_PIC = NO;
				GCC_NO_COMMON_BLOCKS = YES;
				GCC_OPTIMIZATION_LEVEL = 0;
				GCC_PREPROCESSOR_DEFINITIONS = (
					"DEBUG=1",
					"$(inherited)",
				);
				GCC_WARN_64_TO_32_BIT_CONVERSION = YES;
				GCC_WARN_ABOUT_RETURN_TYPE = YES_ERROR;
				GCC_WARN_UNDECLARED_SELECTOR = YES;
				GCC_WARN_UNINITIALIZED_AUTOS = YES_AGGRESSIVE;
				GCC_WARN_UNUSED_FUNCTION = YES;
				GCC_WARN_UNUSED_VARIABLE = YES;
				IPHONEOS_DEPLOYMENT_TARGET = 17.2;
				LOCALIZATION_PREFERS_STRING_CATALOGS = YES;
				MTL_ENABLE_DEBUG_INFO = INCLUDE_SOURCE;
				MTL_FAST_MATH = YES;
				ONLY_ACTIVE_ARCH = YES;
				SDKROOT = iphoneos;
				SWIFT_ACTIVE_COMPILATION_CONDITIONS = "DEBUG $(inherited)";
				SWIFT_OPTIMIZATION_LEVEL = "-Onone";
			};
			name = Debug;
		};
		C8BE1A002B9203260005DC3D /* Release */ = {
			isa = XCBuildConfiguration;
			buildSettings = {
				ALWAYS_SEARCH_USER_PATHS = NO;
				ASSETCATALOG_COMPILER_GENERATE_SWIFT_ASSET_SYMBOL_EXTENSIONS = YES;
				CLANG_ANALYZER_NONNULL = YES;
				CLANG_ANALYZER_NUMBER_OBJECT_CONVERSION = YES_AGGRESSIVE;
				CLANG_CXX_LANGUAGE_STANDARD = "gnu++20";
				CLANG_ENABLE_MODULES = YES;
				CLANG_ENABLE_OBJC_ARC = YES;
				CLANG_ENABLE_OBJC_WEAK = YES;
				CLANG_WARN_BLOCK_CAPTURE_AUTORELEASING = YES;
				CLANG_WARN_BOOL_CONVERSION = YES;
				CLANG_WARN_COMMA = YES;
				CLANG_WARN_CONSTANT_CONVERSION = YES;
				CLANG_WARN_DEPRECATED_OBJC_IMPLEMENTATIONS = YES;
				CLANG_WARN_DIRECT_OBJC_ISA_USAGE = YES_ERROR;
				CLANG_WARN_DOCUMENTATION_COMMENTS = YES;
				CLANG_WARN_EMPTY_BODY = YES;
				CLANG_WARN_ENUM_CONVERSION = YES;
				CLANG_WARN_INFINITE_RECURSION = YES;
				CLANG_WARN_INT_CONVERSION = YES;
				CLANG_WARN_NON_LITERAL_NULL_CONVERSION = YES;
				CLANG_WARN_OBJC_IMPLICIT_RETAIN_SELF = YES;
				CLANG_WARN_OBJC_LITERAL_CONVERSION = YES;
				CLANG_WARN_OBJC_ROOT_CLASS = YES_ERROR;
				CLANG_WARN_QUOTED_INCLUDE_IN_FRAMEWORK_HEADER = YES;
				CLANG_WARN_RANGE_LOOP_ANALYSIS = YES;
				CLANG_WARN_STRICT_PROTOTYPES = YES;
				CLANG_WARN_SUSPICIOUS_MOVE = YES;
				CLANG_WARN_UNGUARDED_AVAILABILITY = YES_AGGRESSIVE;
				CLANG_WARN_UNREACHABLE_CODE = YES;
				CLANG_WARN__DUPLICATE_METHOD_MATCH = YES;
				COPY_PHASE_STRIP = NO;
				DEBUG_INFORMATION_FORMAT = "dwarf-with-dsym";
				ENABLE_NS_ASSERTIONS = NO;
				ENABLE_STRICT_OBJC_MSGSEND = YES;
				ENABLE_USER_SCRIPT_SANDBOXING = YES;
				GCC_C_LANGUAGE_STANDARD = gnu17;
				GCC_NO_COMMON_BLOCKS = YES;
				GCC_WARN_64_TO_32_BIT_CONVERSION = YES;
				GCC_WARN_ABOUT_RETURN_TYPE = YES_ERROR;
				GCC_WARN_UNDECLARED_SELECTOR = YES;
				GCC_WARN_UNINITIALIZED_AUTOS = YES_AGGRESSIVE;
				GCC_WARN_UNUSED_FUNCTION = YES;
				GCC_WARN_UNUSED_VARIABLE = YES;
				IPHONEOS_DEPLOYMENT_TARGET = 17.2;
				LOCALIZATION_PREFERS_STRING_CATALOGS = YES;
				MTL_ENABLE_DEBUG_INFO = NO;
				MTL_FAST_MATH = YES;
				SDKROOT = iphoneos;
				SWIFT_COMPILATION_MODE = wholemodule;
				VALIDATE_PRODUCT = YES;
			};
			name = Release;
		};
		C8BE1A022B9203260005DC3D /* Debug */ = {
			isa = XCBuildConfiguration;
			buildSettings = {
				ASSETCATALOG_COMPILER_APPICON_NAME = AppIcon;
				ASSETCATALOG_COMPILER_GLOBAL_ACCENT_COLOR_NAME = AccentColor;
				CODE_SIGN_STYLE = Automatic;
				CURRENT_PROJECT_VERSION = 1;
				GENERATE_INFOPLIST_FILE = YES;
				INFOPLIST_FILE = HomeWork4Part1/Info.plist;
				INFOPLIST_KEY_UIApplicationSupportsIndirectInputEvents = YES;
				INFOPLIST_KEY_UILaunchStoryboardName = LaunchScreen;
				INFOPLIST_KEY_UIMainStoryboardFile = Main;
				INFOPLIST_KEY_UISupportedInterfaceOrientations_iPad = "UIInterfaceOrientationPortrait UIInterfaceOrientationPortraitUpsideDown UIInterfaceOrientationLandscapeLeft UIInterfaceOrientationLandscapeRight";
				INFOPLIST_KEY_UISupportedInterfaceOrientations_iPhone = "UIInterfaceOrientationPortrait UIInterfaceOrientationLandscapeLeft UIInterfaceOrientationLandscapeRight";
				LD_RUNPATH_SEARCH_PATHS = (
					"$(inherited)",
					"@executable_path/Frameworks",
				);
				MARKETING_VERSION = 1.0;
				PRODUCT_BUNDLE_IDENTIFIER = "Alex-Matsenko.HomeWork4Part1";
				PRODUCT_NAME = "$(TARGET_NAME)";
				SWIFT_EMIT_LOC_STRINGS = YES;
				SWIFT_VERSION = 5.0;
				TARGETED_DEVICE_FAMILY = "1,2";
			};
			name = Debug;
		};
		C8BE1A032B9203260005DC3D /* Release */ = {
			isa = XCBuildConfiguration;
			buildSettings = {
				ASSETCATALOG_COMPILER_APPICON_NAME = AppIcon;
				ASSETCATALOG_COMPILER_GLOBAL_ACCENT_COLOR_NAME = AccentColor;
				CODE_SIGN_STYLE = Automatic;
				CURRENT_PROJECT_VERSION = 1;
				GENERATE_INFOPLIST_FILE = YES;
				INFOPLIST_FILE = HomeWork4Part1/Info.plist;
				INFOPLIST_KEY_UIApplicationSupportsIndirectInputEvents = YES;
				INFOPLIST_KEY_UILaunchStoryboardName = LaunchScreen;
				INFOPLIST_KEY_UIMainStoryboardFile = Main;
				INFOPLIST_KEY_UISupportedInterfaceOrientations_iPad = "UIInterfaceOrientationPortrait UIInterfaceOrientationPortraitUpsideDown UIInterfaceOrientationLandscapeLeft UIInterfaceOrientationLandscapeRight";
				INFOPLIST_KEY_UISupportedInterfaceOrientations_iPhone = "UIInterfaceOrientationPortrait UIInterfaceOrientationLandscapeLeft UIInterfaceOrientationLandscapeRight";
				LD_RUNPATH_SEARCH_PATHS = (
					"$(inherited)",
					"@executable_path/Frameworks",
				);
				MARKETING_VERSION = 1.0;
				PRODUCT_BUNDLE_IDENTIFIER = "Alex-Matsenko.HomeWork4Part1";
				PRODUCT_NAME = "$(TARGET_NAME)";
				SWIFT_EMIT_LOC_STRINGS = YES;
				SWIFT_VERSION = 5.0;
				TARGETED_DEVICE_FAMILY = "1,2";
			};
			name = Release;
		};
		C8BE1A052B9203260005DC3D /* Debug */ = {
			isa = XCBuildConfiguration;
			buildSettings = {
				ALWAYS_EMBED_SWIFT_STANDARD_LIBRARIES = YES;
				BUNDLE_LOADER = "$(TEST_HOST)";
				CODE_SIGN_STYLE = Automatic;
				CURRENT_PROJECT_VERSION = 1;
				GENERATE_INFOPLIST_FILE = YES;
				IPHONEOS_DEPLOYMENT_TARGET = 17.2;
				MARKETING_VERSION = 1.0;
				PRODUCT_BUNDLE_IDENTIFIER = "Alex-Matsenko.HomeWork4Part1Tests";
				PRODUCT_NAME = "$(TARGET_NAME)";
				SWIFT_EMIT_LOC_STRINGS = NO;
				SWIFT_VERSION = 5.0;
				TARGETED_DEVICE_FAMILY = "1,2";
				TEST_HOST = "$(BUILT_PRODUCTS_DIR)/HomeWork4Part1.app/$(BUNDLE_EXECUTABLE_FOLDER_PATH)/HomeWork4Part1";
			};
			name = Debug;
		};
		C8BE1A062B9203260005DC3D /* Release */ = {
			isa = XCBuildConfiguration;
			buildSettings = {
				ALWAYS_EMBED_SWIFT_STANDARD_LIBRARIES = YES;
				BUNDLE_LOADER = "$(TEST_HOST)";
				CODE_SIGN_STYLE = Automatic;
				CURRENT_PROJECT_VERSION = 1;
				GENERATE_INFOPLIST_FILE = YES;
				IPHONEOS_DEPLOYMENT_TARGET = 17.2;
				MARKETING_VERSION = 1.0;
				PRODUCT_BUNDLE_IDENTIFIER = "Alex-Matsenko.HomeWork4Part1Tests";
				PRODUCT_NAME = "$(TARGET_NAME)";
				SWIFT_EMIT_LOC_STRINGS = NO;
				SWIFT_VERSION = 5.0;
				TARGETED_DEVICE_FAMILY = "1,2";
				TEST_HOST = "$(BUILT_PRODUCTS_DIR)/HomeWork4Part1.app/$(BUNDLE_EXECUTABLE_FOLDER_PATH)/HomeWork4Part1";
			};
			name = Release;
		};
		C8BE1A082B9203260005DC3D /* Debug */ = {
			isa = XCBuildConfiguration;
			buildSettings = {
				ALWAYS_EMBED_SWIFT_STANDARD_LIBRARIES = YES;
				CODE_SIGN_STYLE = Automatic;
				CURRENT_PROJECT_VERSION = 1;
				GENERATE_INFOPLIST_FILE = YES;
				MARKETING_VERSION = 1.0;
				PRODUCT_BUNDLE_IDENTIFIER = "Alex-Matsenko.HomeWork4Part1UITests";
				PRODUCT_NAME = "$(TARGET_NAME)";
				SWIFT_EMIT_LOC_STRINGS = NO;
				SWIFT_VERSION = 5.0;
				TARGETED_DEVICE_FAMILY = "1,2";
				TEST_TARGET_NAME = HomeWork4Part1;
			};
			name = Debug;
		};
		C8BE1A092B9203260005DC3D /* Release */ = {
			isa = XCBuildConfiguration;
			buildSettings = {
				ALWAYS_EMBED_SWIFT_STANDARD_LIBRARIES = YES;
				CODE_SIGN_STYLE = Automatic;
				CURRENT_PROJECT_VERSION = 1;
				GENERATE_INFOPLIST_FILE = YES;
				MARKETING_VERSION = 1.0;
				PRODUCT_BUNDLE_IDENTIFIER = "Alex-Matsenko.HomeWork4Part1UITests";
				PRODUCT_NAME = "$(TARGET_NAME)";
				SWIFT_EMIT_LOC_STRINGS = NO;
				SWIFT_VERSION = 5.0;
				TARGETED_DEVICE_FAMILY = "1,2";
				TEST_TARGET_NAME = HomeWork4Part1;
			};
			name = Release;
		};
/* End XCBuildConfiguration section */

/* Begin XCConfigurationList section */
		C8BE19D22B9203230005DC3D /* Build configuration list for PBXProject "HomeWork4Part1" */ = {
			isa = XCConfigurationList;
			buildConfigurations = (
				C8BE19FF2B9203260005DC3D /* Debug */,
				C8BE1A002B9203260005DC3D /* Release */,
			);
			defaultConfigurationIsVisible = 0;
			defaultConfigurationName = Release;
		};
		C8BE1A012B9203260005DC3D /* Build configuration list for PBXNativeTarget "HomeWork4Part1" */ = {
			isa = XCConfigurationList;
			buildConfigurations = (
				C8BE1A022B9203260005DC3D /* Debug */,
				C8BE1A032B9203260005DC3D /* Release */,
			);
			defaultConfigurationIsVisible = 0;
			defaultConfigurationName = Release;
		};
		C8BE1A042B9203260005DC3D /* Build configuration list for PBXNativeTarget "HomeWork4Part1Tests" */ = {
			isa = XCConfigurationList;
			buildConfigurations = (
				C8BE1A052B9203260005DC3D /* Debug */,
				C8BE1A062B9203260005DC3D /* Release */,
			);
			defaultConfigurationIsVisible = 0;
			defaultConfigurationName = Release;
		};
		C8BE1A072B9203260005DC3D /* Build configuration list for PBXNativeTarget "HomeWork4Part1UITests" */ = {
			isa = XCConfigurationList;
			buildConfigurations = (
				C8BE1A082B9203260005DC3D /* Debug */,
				C8BE1A092B9203260005DC3D /* Release */,
			);
			defaultConfigurationIsVisible = 0;
			defaultConfigurationName = Release;
		};
/* End XCConfigurationList section */
	};
	rootObject = C8BE19CF2B9203230005DC3D /* Project object */;
}
